{
  "name": "ludii",
  "version": "0.0.1",
  "lockfileVersion": 3,
  "requires": true,
  "packages": {
    "": {
      "name": "ludii",
      "version": "0.0.1",
      "devDependencies": {
        "@types/node": "^18.15.1",
        "@types/vscode": "^1.79.1"
      },
      "engines": {
        "vscode": "^1.79.0"
      }
    },
    "node_modules/@types/node": {
      "version": "18.16.19",
      "resolved": "https://registry.npmjs.org/@types/node/-/node-18.16.19.tgz",
      "integrity": "sha512-IXl7o+R9iti9eBW4Wg2hx1xQDig183jj7YLn8F7udNceyfkbn1ZxmzZXuak20gR40D7pIkIY1kYGx5VIGbaHKA==",
      "dev": true
    },
    "node_modules/@types/vscode": {
      "version": "1.79.1",
      "resolved": "https://registry.npmjs.org/@types/vscode/-/vscode-1.79.1.tgz",
      "integrity": "sha512-Ikwc4YbHABzqthrWfeAvItaAIfX9mdjMWxqNgTpGjhgOu0TMRq9LzyZ2yBK0JhYqoSjEubEPawf6zJgnl6Egtw==",
      "dev": true
    }
  }
}
